
Microsoft Visual Studio Solution File, Format Version 12.00
# Visual Studio Version 17
VisualStudioVersion = 17.3.32825.248
MinimumVisualStudioVersion = 10.0.40219.1
Project("{FAE04EC0-301F-11D3-BF4B-00C04F79EFBC}") = "POO_ex1", "POO_ex1\POO_ex1.csproj", "{05AA5EBB-7862-4C03-9DE2-38800B616611}"
EndProject
Global
	GlobalSection(SolutionConfigurationPlatforms) = preSolution
		Debug|Any CPU = Debug|Any CPU
		Release|Any CPU = Release|Any CPU
	EndGlobalSection
	GlobalSection(ProjectConfigurationPlatforms) = postSolution
		{05AA5EBB-7862-4C03-9DE2-38800B616611}.Debug|Any CPU.ActiveCfg = Debug|Any CPU
		{05AA5EBB-7862-4C03-9DE2-38800B616611}.Debug|Any CPU.Build.0 = Debug|Any CPU
		{05AA5EBB-7862-4C03-9DE2-38800B616611}.Release|Any CPU.ActiveCfg = Release|Any CPU
		{05AA5EBB-7862-4C03-9DE2-38800B616611}.Release|Any CPU.Build.0 = Release|Any CPU
	EndGlobalSection
	GlobalSection(SolutionProperties) = preSolution
		HideSolutionNode = FALSE
	EndGlobalSection
	GlobalSection(ExtensibilityGlobals) = postSolution
		SolutionGuid = {807F2C51-489E-4EDE-846B-68421BAA1174}
	EndGlobalSection
EndGlobal
